{
    "_readme": [
        "This file locks the dependencies of your project to a known state",
        "Read more about it at http://getcomposer.org/doc/01-basic-usage.md#composer-lock-the-lock-file",
        "This file is @generated automatically"
    ],
    "hash": "ff612fbf1e19d416ddbaf300a799d2c9",
    "packages": [
        {
            "name": "guzzlehttp/guzzle",
            "version": "5.2.0",
            "source": {
                "type": "git",
                "url": "https://github.com/guzzle/guzzle.git",
                "reference": "475b29ccd411f2fa8a408e64576418728c032cfa"
            },
            "dist": {
                "type": "zip",
                "url": "https://api.github.com/repos/guzzle/guzzle/zipball/475b29ccd411f2fa8a408e64576418728c032cfa",
                "reference": "475b29ccd411f2fa8a408e64576418728c032cfa",
                "shasum": ""
            },
            "require": {
                "guzzlehttp/ringphp": "~1.0",
                "php": ">=5.4.0"
            },
            "require-dev": {
                "ext-curl": "*",
                "phpunit/phpunit": "~4.0",
                "psr/log": "~1.0"
            },
            "type": "library",
            "extra": {
                "branch-alias": {
                    "dev-master": "5.0-dev"
                }
            },
            "autoload": {
                "psr-4": {
                    "GuzzleHttp\\": "src/"
                }
            },
            "notification-url": "https://packagist.org/downloads/",
            "license": [
                "MIT"
            ],
            "authors": [
                {
                    "name": "Michael Dowling",
                    "email": "mtdowling@gmail.com",
                    "homepage": "https://github.com/mtdowling"
                }
            ],
            "description": "Guzzle is a PHP HTTP client library and framework for building RESTful web service clients",
            "homepage": "http://guzzlephp.org/",
            "keywords": [
                "client",
                "curl",
                "framework",
                "http",
                "http client",
                "rest",
                "web service"
            ],
            "time": "2015-01-28 01:03:29"
        },
        {
            "name": "guzzlehttp/ringphp",
            "version": "1.0.7",
            "source": {
                "type": "git",
                "url": "https://github.com/guzzle/RingPHP.git",
                "reference": "52d868f13570a9a56e5fce6614e0ec75d0f13ac2"
            },
            "dist": {
                "type": "zip",
                "url": "https://api.github.com/repos/guzzle/RingPHP/zipball/52d868f13570a9a56e5fce6614e0ec75d0f13ac2",
                "reference": "52d868f13570a9a56e5fce6614e0ec75d0f13ac2",
                "shasum": ""
            },
            "require": {
                "guzzlehttp/streams": "~3.0",
                "php": ">=5.4.0",
                "react/promise": "~2.0"
            },
            "require-dev": {
                "ext-curl": "*",
                "phpunit/phpunit": "~4.0"
            },
            "suggest": {
                "ext-curl": "Guzzle will use specific adapters if cURL is present"
            },
            "type": "library",
            "extra": {
                "branch-alias": {
                    "dev-master": "1.0-dev"
                }
            },
            "autoload": {
                "psr-4": {
                    "GuzzleHttp\\Ring\\": "src/"
                }
            },
            "notification-url": "https://packagist.org/downloads/",
            "license": [
                "MIT"
            ],
            "authors": [
                {
                    "name": "Michael Dowling",
                    "email": "mtdowling@gmail.com",
                    "homepage": "https://github.com/mtdowling"
                }
            ],
            "description": "Provides a simple API and specification that abstracts away the details of HTTP into a single PHP function.",
            "time": "2015-03-30 01:43:20"
        },
        {
            "name": "guzzlehttp/streams",
            "version": "3.0.0",
            "source": {
                "type": "git",
                "url": "https://github.com/guzzle/streams.git",
                "reference": "47aaa48e27dae43d39fc1cea0ccf0d84ac1a2ba5"
            },
            "dist": {
                "type": "zip",
                "url": "https://api.github.com/repos/guzzle/streams/zipball/47aaa48e27dae43d39fc1cea0ccf0d84ac1a2ba5",
                "reference": "47aaa48e27dae43d39fc1cea0ccf0d84ac1a2ba5",
                "shasum": ""
            },
            "require": {
                "php": ">=5.4.0"
            },
            "require-dev": {
                "phpunit/phpunit": "~4.0"
            },
            "type": "library",
            "extra": {
                "branch-alias": {
                    "dev-master": "3.0-dev"
                }
            },
            "autoload": {
                "psr-4": {
                    "GuzzleHttp\\Stream\\": "src/"
                }
            },
            "notification-url": "https://packagist.org/downloads/",
            "license": [
                "MIT"
            ],
            "authors": [
                {
                    "name": "Michael Dowling",
                    "email": "mtdowling@gmail.com",
                    "homepage": "https://github.com/mtdowling"
                }
            ],
            "description": "Provides a simple abstraction over streams of data",
            "homepage": "http://guzzlephp.org/",
            "keywords": [
                "Guzzle",
                "stream"
            ],
            "time": "2014-10-12 19:18:40"
        },
        {
            "name": "phalcon/devtools",
            "version": "dev-master",
            "source": {
                "type": "git",
                "url": "https://github.com/phalcon/phalcon-devtools.git",
                "reference": "103c8989236f4df5206e7d37508216c46799394a"
            },
            "dist": {
                "type": "zip",
                "url": "https://api.github.com/repos/phalcon/phalcon-devtools/zipball/103c8989236f4df5206e7d37508216c46799394a",
                "reference": "103c8989236f4df5206e7d37508216c46799394a",
                "shasum": ""
            },
            "require": {
                "php": ">=5.3.6"
            },
            "bin": [
                "phalcon.php"
            ],
            "type": "library",
            "autoload": {
                "psr-0": {
                    "Phalcon": "scripts/"
                }
            },
            "notification-url": "https://packagist.org/downloads/",
            "license": [
                "BSD-3"
            ],
            "authors": [
                {
                    "name": "Phalcon Team",
                    "email": "team@phalconphp.com"
                }
            ],
            "description": "This tools provide you useful scripts to generate code helping to develop faster and easy applications that use with Phalcon framework.",
            "homepage": "http://phalconphp.com",
            "keywords": [
                "framework",
                "phalcon"
            ],
            "time": "2015-02-26 21:47:33"
        },
        {
            "name": "phalcon/incubator",
            "version": "dev-master",
            "source": {
                "type": "git",
                "url": "https://github.com/phalcon/incubator.git",
                "reference": "fc4831da085c3abf4f6f6bf31f199a539cd2c8f2"
            },
            "dist": {
                "type": "zip",
                "url": "https://api.github.com/repos/phalcon/incubator/zipball/fc4831da085c3abf4f6f6bf31f199a539cd2c8f2",
                "reference": "fc4831da085c3abf4f6f6bf31f199a539cd2c8f2",
                "shasum": ""
            },
            "require": {
                "ext-phalcon": ">=1.2.4",
                "php": ">=5.3.6",
                "swiftmailer/swiftmailer": ">=5.2"
            },
            "require-dev": {
                "codeception/codeception": "*",
                "php-mock/php-mock": "<0.6",
                "phpunit/phpunit": "4.5.*",
                "squizlabs/php_codesniffer": "2.*"
            },
            "type": "library",
            "autoload": {
                "psr-0": {
                    "Phalcon": "Library/"
                }
            },
            "notification-url": "https://packagist.org/downloads/",
            "license": [
                "BSD-3"
            ],
            "authors": [
                {
                    "name": "Phalcon Team",
                    "email": "team@phalconphp.com"
                }
            ],
            "description": "Adapters, prototypes or functionality that can be potentially incorporated to the C-framework.",
            "homepage": "http://phalconphp.com",
            "keywords": [
                "framework",
                "phalcon"
            ],
            "time": "2015-04-03 09:52:36"
        },
        {
            "name": "react/promise",
            "version": "v2.2.0",
            "source": {
                "type": "git",
                "url": "https://github.com/reactphp/promise.git",
                "reference": "365fcee430dfa4ace1fbc75737ca60ceea7eeeef"
            },
            "dist": {
                "type": "zip",
                "url": "https://api.github.com/repos/reactphp/promise/zipball/365fcee430dfa4ace1fbc75737ca60ceea7eeeef",
                "reference": "365fcee430dfa4ace1fbc75737ca60ceea7eeeef",
                "shasum": ""
            },
            "require": {
                "php": ">=5.4.0"
            },
            "type": "library",
            "extra": {
                "branch-alias": {
                    "dev-master": "2.0-dev"
                }
            },
            "autoload": {
                "psr-4": {
                    "React\\Promise\\": "src/"
                },
                "files": [
                    "src/functions_include.php"
                ]
            },
            "notification-url": "https://packagist.org/downloads/",
            "license": [
                "MIT"
            ],
            "authors": [
                {
                    "name": "Jan Sorgalla",
                    "email": "jsorgalla@googlemail.com"
                }
            ],
            "description": "A lightweight implementation of CommonJS Promises/A for PHP",
            "time": "2014-12-30 13:32:42"
        },
        {
            "name": "swiftmailer/swiftmailer",
            "version": "v5.4.0",
            "source": {
                "type": "git",
                "url": "https://github.com/swiftmailer/swiftmailer.git",
                "reference": "31454f258f10329ae7c48763eb898a75c39e0a9f"
            },
            "dist": {
                "type": "zip",
                "url": "https://api.github.com/repos/swiftmailer/swiftmailer/zipball/31454f258f10329ae7c48763eb898a75c39e0a9f",
                "reference": "31454f258f10329ae7c48763eb898a75c39e0a9f",
                "shasum": ""
            },
            "require": {
                "php": ">=5.3.3"
            },
            "require-dev": {
                "mockery/mockery": "~0.9.1"
            },
            "type": "library",
            "extra": {
                "branch-alias": {
                    "dev-master": "5.4-dev"
                }
            },
            "autoload": {
                "files": [
                    "lib/swift_required.php"
                ]
            },
            "notification-url": "https://packagist.org/downloads/",
            "license": [
                "MIT"
            ],
            "authors": [
                {
                    "name": "Chris Corbyn"
                },
                {
                    "name": "Fabien Potencier",
                    "email": "fabien@symfony.com"
                }
            ],
            "description": "Swiftmailer, free feature-rich PHP mailer",
            "homepage": "http://swiftmailer.org",
            "keywords": [
                "mail",
                "mailer"
            ],
            "time": "2015-03-14 06:06:39"
        },
        {
            "name": "symfony/var-dumper",
            "version": "dev-master",
            "target-dir": "Symfony/Component/VarDumper",
            "source": {
                "type": "git",
                "url": "https://github.com/symfony/var-dumper.git",
                "reference": "689cef563b049ad9c876650999dd4e127209528d"
            },
            "dist": {
                "type": "zip",
                "url": "https://api.github.com/repos/symfony/var-dumper/zipball/689cef563b049ad9c876650999dd4e127209528d",
                "reference": "689cef563b049ad9c876650999dd4e127209528d",
                "shasum": ""
            },
            "require": {
                "php": ">=5.5.9"
            },
            "require-dev": {
                "symfony/phpunit-bridge": "~2.7|~3.0"
            },
            "suggest": {
                "ext-symfony_debug": ""
            },
            "type": "library",
            "extra": {
                "branch-alias": {
                    "dev-master": "3.0-dev"
                }
            },
            "autoload": {
                "files": [
                    "Resources/functions/dump.php"
                ],
                "psr-0": {
                    "Symfony\\Component\\VarDumper\\": ""
                }
            },
            "notification-url": "https://packagist.org/downloads/",
            "license": [
                "MIT"
            ],
            "authors": [
                {
                    "name": "Symfony Community",
                    "homepage": "http://symfony.com/contributors"
                },
                {
                    "name": "Nicolas Grekas",
                    "email": "p@tchwork.com"
                }
            ],
            "description": "Symfony mechanism for exploring and dumping PHP variables",
            "homepage": "http://symfony.com",
            "keywords": [
                "debug",
                "dump"
            ],
            "time": "2015-04-05 08:20:29"
        }
    ],
    "packages-dev": [],
    "aliases": [],
    "minimum-stability": "stable",
    "stability-flags": {
        "phalcon/incubator": 20,
        "phalcon/devtools": 20,
        "symfony/var-dumper": 20
    },
    "prefer-stable": false,
    "prefer-lowest": false,
    "platform": {
        "php": ">=5.5.0"
    },
    "platform-dev": []
}
